// !$*UTF8*$!
{
	archiveVersion = 1;
	classes = {
	};
	objectVersion = 46;
	objects = {

/* Begin PBXBuildFile section */
		0E4F681B1D6306D900666BBB /* AppDelegate.swift in Sources */ = {isa = PBXBuildFile; fileRef = 0E4F681A1D6306D900666BBB /* AppDelegate.swift */; };
		0E4F681D1D6306D900666BBB /* ViewController.swift in Sources */ = {isa = PBXBuildFile; fileRef = 0E4F681C1D6306D900666BBB /* ViewController.swift */; };
		0E4F68201D6306D900666BBB /* Main.storyboard in Resources */ = {isa = PBXBuildFile; fileRef = 0E4F681E1D6306D900666BBB /* Main.storyboard */; };
		0E4F68221D6306D900666BBB /* Assets.xcassets in Resources */ = {isa = PBXBuildFile; fileRef = 0E4F68211D6306D900666BBB /* Assets.xcassets */; };
		0E4F68251D6306D900666BBB /* LaunchScreen.storyboard in Resources */ = {isa = PBXBuildFile; fileRef = 0E4F68231D6306D900666BBB /* LaunchScreen.storyboard */; };
		0E4F68301D6306D900666BBB /* Alyaoum24_IOSTests.swift in Sources */ = {isa = PBXBuildFile; fileRef = 0E4F682F1D6306D900666BBB /* Alyaoum24_IOSTests.swift */; };
		0E4F683B1D6306D900666BBB /* Alyaoum24_IOSUITests.swift in Sources */ = {isa = PBXBuildFile; fileRef = 0E4F683A1D6306D900666BBB /* Alyaoum24_IOSUITests.swift */; };
		0E4F684A1D63094600666BBB /* RealmFavorites.swift in Sources */ = {isa = PBXBuildFile; fileRef = 0E4F68491D63094600666BBB /* RealmFavorites.swift */; };
		0E4F684C1D63095000666BBB /* RealmPost.swift in Sources */ = {isa = PBXBuildFile; fileRef = 0E4F684B1D63095000666BBB /* RealmPost.swift */; };
		0E4F684E1D63095A00666BBB /* RealmSlider.swift in Sources */ = {isa = PBXBuildFile; fileRef = 0E4F684D1D63095A00666BBB /* RealmSlider.swift */; };
		0E4F68501D63096200666BBB /* RealmVideo.swift in Sources */ = {isa = PBXBuildFile; fileRef = 0E4F684F1D63096200666BBB /* RealmVideo.swift */; };
		0E4F68521D63096B00666BBB /* UniqueID.swift in Sources */ = {isa = PBXBuildFile; fileRef = 0E4F68511D63096B00666BBB /* UniqueID.swift */; };
		0E4F68591D630EC000666BBB /* Constant.swift in Sources */ = {isa = PBXBuildFile; fileRef = 0E4F68581D630EC000666BBB /* Constant.swift */; };
		0E4F685B1D63242400666BBB /* UIPressViewController.swift in Sources */ = {isa = PBXBuildFile; fileRef = 0E4F685A1D63242400666BBB /* UIPressViewController.swift */; };
		0E4F685D1D63249D00666BBB /* UIPressCellViewController.swift in Sources */ = {isa = PBXBuildFile; fileRef = 0E4F685C1D63249D00666BBB /* UIPressCellViewController.swift */; };
		0EEBD9031D64B720001CD327 /* UIPressDetailController.swift in Sources */ = {isa = PBXBuildFile; fileRef = 0EEBD9021D64B720001CD327 /* UIPressDetailController.swift */; };
		1A1540216CC8898FE7899166 /* Pods_Alyaoum24_IOSTests.framework in Frameworks */ = {isa = PBXBuildFile; fileRef = 60A8E67DF33D350E6108B420 /* Pods_Alyaoum24_IOSTests.framework */; };
		76D6187F611EE00C1A4413B5 /* Pods_Alyaoum24_IOSUITests.framework in Frameworks */ = {isa = PBXBuildFile; fileRef = 5E915E5812D098271C772C38 /* Pods_Alyaoum24_IOSUITests.framework */; };
		D898B8E1E9F1AA952F8B7E0D /* Pods_Alyaoum24_IOS.framework in Frameworks */ = {isa = PBXBuildFile; fileRef = EF9F361884F8E4EA7038905E /* Pods_Alyaoum24_IOS.framework */; };
/* End PBXBuildFile section */

/* Begin PBXContainerItemProxy section */
		0E4F682C1D6306D900666BBB /* PBXContainerItemProxy */ = {
			isa = PBXContainerItemProxy;
			containerPortal = 0E4F680F1D6306D900666BBB /* Project object */;
			proxyType = 1;
			remoteGlobalIDString = 0E4F68161D6306D900666BBB;
			remoteInfo = "Alyaoum24-IOS";
		};
		0E4F68371D6306D900666BBB /* PBXContainerItemProxy */ = {
			isa = PBXContainerItemProxy;
			containerPortal = 0E4F680F1D6306D900666BBB /* Project object */;
			proxyType = 1;
			remoteGlobalIDString = 0E4F68161D6306D900666BBB;
			remoteInfo = "Alyaoum24-IOS";
		};
/* End PBXContainerItemProxy section */

/* Begin PBXFileReference section */
		03788CA72093474FF94E0BEF /* Pods-Alyaoum24-IOSTests.release.xcconfig */ = {isa = PBXFileReference; includeInIndex = 1; lastKnownFileType = text.xcconfig; name = "Pods-Alyaoum24-IOSTests.release.xcconfig"; path = "Pods/Target Support Files/Pods-Alyaoum24-IOSTests/Pods-Alyaoum24-IOSTests.release.xcconfig"; sourceTree = "<group>"; };
		0B701A2D62E8BEAAFB134C2D /* Pods-Alyaoum24-IOSUITests.debug.xcconfig */ = {isa = PBXFileReference; includeInIndex = 1; lastKnownFileType = text.xcconfig; name = "Pods-Alyaoum24-IOSUITests.debug.xcconfig"; path = "Pods/Target Support Files/Pods-Alyaoum24-IOSUITests/Pods-Alyaoum24-IOSUITests.debug.xcconfig"; sourceTree = "<group>"; };
		0E4F68171D6306D900666BBB /* Alyaoum24-IOS.app */ = {isa = PBXFileReference; explicitFileType = wrapper.application; includeInIndex = 0; path = "Alyaoum24-IOS.app"; sourceTree = BUILT_PRODUCTS_DIR; };
		0E4F681A1D6306D900666BBB /* AppDelegate.swift */ = {isa = PBXFileReference; lastKnownFileType = sourcecode.swift; path = AppDelegate.swift; sourceTree = "<group>"; };
		0E4F681C1D6306D900666BBB /* ViewController.swift */ = {isa = PBXFileReference; lastKnownFileType = sourcecode.swift; path = ViewController.swift; sourceTree = "<group>"; };
		0E4F681F1D6306D900666BBB /* Base */ = {isa = PBXFileReference; lastKnownFileType = file.storyboard; name = Base; path = Base.lproj/Main.storyboard; sourceTree = "<group>"; };
		0E4F68211D6306D900666BBB /* Assets.xcassets */ = {isa = PBXFileReference; lastKnownFileType = folder.assetcatalog; path = Assets.xcassets; sourceTree = "<group>"; };
		0E4F68241D6306D900666BBB /* Base */ = {isa = PBXFileReference; lastKnownFileType = file.storyboard; name = Base; path = Base.lproj/LaunchScreen.storyboard; sourceTree = "<group>"; };
		0E4F68261D6306D900666BBB /* Info.plist */ = {isa = PBXFileReference; lastKnownFileType = text.plist.xml; path = Info.plist; sourceTree = "<group>"; };
		0E4F682B1D6306D900666BBB /* Alyaoum24-IOSTests.xctest */ = {isa = PBXFileReference; explicitFileType = wrapper.cfbundle; includeInIndex = 0; path = "Alyaoum24-IOSTests.xctest"; sourceTree = BUILT_PRODUCTS_DIR; };
		0E4F682F1D6306D900666BBB /* Alyaoum24_IOSTests.swift */ = {isa = PBXFileReference; lastKnownFileType = sourcecode.swift; path = Alyaoum24_IOSTests.swift; sourceTree = "<group>"; };
		0E4F68311D6306D900666BBB /* Info.plist */ = {isa = PBXFileReference; lastKnownFileType = text.plist.xml; path = Info.plist; sourceTree = "<group>"; };
		0E4F68361D6306D900666BBB /* Alyaoum24-IOSUITests.xctest */ = {isa = PBXFileReference; explicitFileType = wrapper.cfbundle; includeInIndex = 0; path = "Alyaoum24-IOSUITests.xctest"; sourceTree = BUILT_PRODUCTS_DIR; };
		0E4F683A1D6306D900666BBB /* Alyaoum24_IOSUITests.swift */ = {isa = PBXFileReference; lastKnownFileType = sourcecode.swift; path = Alyaoum24_IOSUITests.swift; sourceTree = "<group>"; };
		0E4F683C1D6306D900666BBB /* Info.plist */ = {isa = PBXFileReference; lastKnownFileType = text.plist.xml; path = Info.plist; sourceTree = "<group>"; };
		0E4F68491D63094600666BBB /* RealmFavorites.swift */ = {isa = PBXFileReference; fileEncoding = 4; lastKnownFileType = sourcecode.swift; path = RealmFavorites.swift; sourceTree = "<group>"; };
		0E4F684B1D63095000666BBB /* RealmPost.swift */ = {isa = PBXFileReference; fileEncoding = 4; lastKnownFileType = sourcecode.swift; path = RealmPost.swift; sourceTree = "<group>"; };
		0E4F684D1D63095A00666BBB /* RealmSlider.swift */ = {isa = PBXFileReference; fileEncoding = 4; lastKnownFileType = sourcecode.swift; path = RealmSlider.swift; sourceTree = "<group>"; };
		0E4F684F1D63096200666BBB /* RealmVideo.swift */ = {isa = PBXFileReference; fileEncoding = 4; lastKnownFileType = sourcecode.swift; path = RealmVideo.swift; sourceTree = "<group>"; };
		0E4F68511D63096B00666BBB /* UniqueID.swift */ = {isa = PBXFileReference; fileEncoding = 4; lastKnownFileType = sourcecode.swift; path = UniqueID.swift; sourceTree = "<group>"; };
		0E4F68581D630EC000666BBB /* Constant.swift */ = {isa = PBXFileReference; fileEncoding = 4; lastKnownFileType = sourcecode.swift; path = Constant.swift; sourceTree = "<group>"; };
		0E4F685A1D63242400666BBB /* UIPressViewController.swift */ = {isa = PBXFileReference; fileEncoding = 4; lastKnownFileType = sourcecode.swift; path = UIPressViewController.swift; sourceTree = "<group>"; };
		0E4F685C1D63249D00666BBB /* UIPressCellViewController.swift */ = {isa = PBXFileReference; fileEncoding = 4; lastKnownFileType = sourcecode.swift; path = UIPressCellViewController.swift; sourceTree = "<group>"; };
		0EEBD9021D64B720001CD327 /* UIPressDetailController.swift */ = {isa = PBXFileReference; fileEncoding = 4; lastKnownFileType = sourcecode.swift; path = UIPressDetailController.swift; sourceTree = "<group>"; };
		54FB6DC1A1E651CB0ADD1E78 /* Pods-Alyaoum24-IOSUITests.release.xcconfig */ = {isa = PBXFileReference; includeInIndex = 1; lastKnownFileType = text.xcconfig; name = "Pods-Alyaoum24-IOSUITests.release.xcconfig"; path = "Pods/Target Support Files/Pods-Alyaoum24-IOSUITests/Pods-Alyaoum24-IOSUITests.release.xcconfig"; sourceTree = "<group>"; };
		5E915E5812D098271C772C38 /* Pods_Alyaoum24_IOSUITests.framework */ = {isa = PBXFileReference; explicitFileType = wrapper.framework; includeInIndex = 0; path = Pods_Alyaoum24_IOSUITests.framework; sourceTree = BUILT_PRODUCTS_DIR; };
		60A8E67DF33D350E6108B420 /* Pods_Alyaoum24_IOSTests.framework */ = {isa = PBXFileReference; explicitFileType = wrapper.framework; includeInIndex = 0; path = Pods_Alyaoum24_IOSTests.framework; sourceTree = BUILT_PRODUCTS_DIR; };
		816841229CEE6FBE24CEF724 /* Pods-Alyaoum24-IOSTests.debug.xcconfig */ = {isa = PBXFileReference; includeInIndex = 1; lastKnownFileType = text.xcconfig; name = "Pods-Alyaoum24-IOSTests.debug.xcconfig"; path = "Pods/Target Support Files/Pods-Alyaoum24-IOSTests/Pods-Alyaoum24-IOSTests.debug.xcconfig"; sourceTree = "<group>"; };
		AD480D8570F9893C24E91D4B /* Pods-Alyaoum24-IOS.debug.xcconfig */ = {isa = PBXFileReference; includeInIndex = 1; lastKnownFileType = text.xcconfig; name = "Pods-Alyaoum24-IOS.debug.xcconfig"; path = "Pods/Target Support Files/Pods-Alyaoum24-IOS/Pods-Alyaoum24-IOS.debug.xcconfig"; sourceTree = "<group>"; };
		EF9F361884F8E4EA7038905E /* Pods_Alyaoum24_IOS.framework */ = {isa = PBXFileReference; explicitFileType = wrapper.framework; includeInIndex = 0; path = Pods_Alyaoum24_IOS.framework; sourceTree = BUILT_PRODUCTS_DIR; };
		F792D1C90B9CCA9F69C72A23 /* Pods-Alyaoum24-IOS.release.xcconfig */ = {isa = PBXFileReference; includeInIndex = 1; lastKnownFileType = text.xcconfig; name = "Pods-Alyaoum24-IOS.release.xcconfig"; path = "Pods/Target Support Files/Pods-Alyaoum24-IOS/Pods-Alyaoum24-IOS.release.xcconfig"; sourceTree = "<group>"; };
/* End PBXFileReference section */

/* Begin PBXFrameworksBuildPhase section */
		0E4F68141D6306D900666BBB /* Frameworks */ = {
			isa = PBXFrameworksBuildPhase;
			buildActionMask = 2147483647;
			files = (
				D898B8E1E9F1AA952F8B7E0D /* Pods_Alyaoum24_IOS.framework in Frameworks */,
			);
			runOnlyForDeploymentPostprocessing = 0;
		};
		0E4F68281D6306D900666BBB /* Frameworks */ = {
			isa = PBXFrameworksBuildPhase;
			buildActionMask = 2147483647;
			files = (
				1A1540216CC8898FE7899166 /* Pods_Alyaoum24_IOSTests.framework in Frameworks */,
			);
			runOnlyForDeploymentPostprocessing = 0;
		};
		0E4F68331D6306D900666BBB /* Frameworks */ = {
			isa = PBXFrameworksBuildPhase;
			buildActionMask = 2147483647;
			files = (
				76D6187F611EE00C1A4413B5 /* Pods_Alyaoum24_IOSUITests.framework in Frameworks */,
			);
			runOnlyForDeploymentPostprocessing = 0;
		};
/* End PBXFrameworksBuildPhase section */

/* Begin PBXGroup section */
		0E4F680E1D6306D900666BBB = {
			isa = PBXGroup;
			children = (
				0E4F68191D6306D900666BBB /* Alyaoum24-IOS */,
				0E4F682E1D6306D900666BBB /* Alyaoum24-IOSTests */,
				0E4F68391D6306D900666BBB /* Alyaoum24-IOSUITests */,
				0E4F68181D6306D900666BBB /* Products */,
				D840343E3B0D855567D4693C /* Pods */,
				BDB3525AF6A57DAB07216DCF /* Frameworks */,
			);
			sourceTree = "<group>";
		};
		0E4F68181D6306D900666BBB /* Products */ = {
			isa = PBXGroup;
			children = (
				0E4F68171D6306D900666BBB /* Alyaoum24-IOS.app */,
				0E4F682B1D6306D900666BBB /* Alyaoum24-IOSTests.xctest */,
				0E4F68361D6306D900666BBB /* Alyaoum24-IOSUITests.xctest */,
			);
			name = Products;
			sourceTree = "<group>";
		};
		0E4F68191D6306D900666BBB /* Alyaoum24-IOS */ = {
			isa = PBXGroup;
			children = (
				0E4F68571D6309AC00666BBB /* Obj-c */,
				0E4F68561D6309A700666BBB /* Utils */,
				0E4F68551D63099A00666BBB /* Supporting Files */,
				0E4F68541D63097C00666BBB /* View */,
				0E4F68531D63097000666BBB /* Controller */,
				0E4F68481D6308F500666BBB /* Model */,
				0E4F68261D6306D900666BBB /* Info.plist */,
			);
			path = "Alyaoum24-IOS";
			sourceTree = "<group>";
		};
		0E4F682E1D6306D900666BBB /* Alyaoum24-IOSTests */ = {
			isa = PBXGroup;
			children = (
				0E4F682F1D6306D900666BBB /* Alyaoum24_IOSTests.swift */,
				0E4F68311D6306D900666BBB /* Info.plist */,
			);
			path = "Alyaoum24-IOSTests";
			sourceTree = "<group>";
		};
		0E4F68391D6306D900666BBB /* Alyaoum24-IOSUITests */ = {
			isa = PBXGroup;
			children = (
				0E4F683A1D6306D900666BBB /* Alyaoum24_IOSUITests.swift */,
				0E4F683C1D6306D900666BBB /* Info.plist */,
			);
			path = "Alyaoum24-IOSUITests";
			sourceTree = "<group>";
		};
		0E4F68481D6308F500666BBB /* Model */ = {
			isa = PBXGroup;
			children = (
				0E4F68491D63094600666BBB /* RealmFavorites.swift */,
				0E4F684B1D63095000666BBB /* RealmPost.swift */,
				0E4F684D1D63095A00666BBB /* RealmSlider.swift */,
				0E4F684F1D63096200666BBB /* RealmVideo.swift */,
				0E4F68511D63096B00666BBB /* UniqueID.swift */,
			);
			name = Model;
			sourceTree = "<group>";
		};
		0E4F68531D63097000666BBB /* Controller */ = {
			isa = PBXGroup;
			children = (
				0E4F681C1D6306D900666BBB /* ViewController.swift */,
				0E4F685A1D63242400666BBB /* UIPressViewController.swift */,
				0E4F685C1D63249D00666BBB /* UIPressCellViewController.swift */,
				0EEBD9021D64B720001CD327 /* UIPressDetailController.swift */,
			);
			name = Controller;
			sourceTree = "<group>";
		};
		0E4F68541D63097C00666BBB /* View */ = {
			isa = PBXGroup;
			children = (
				0E4F681E1D6306D900666BBB /* Main.storyboard */,
				0E4F68231D6306D900666BBB /* LaunchScreen.storyboard */,
			);
			name = View;
			sourceTree = "<group>";
		};
		0E4F68551D63099A00666BBB /* Supporting Files */ = {
			isa = PBXGroup;
			children = (
				0E4F68211D6306D900666BBB /* Assets.xcassets */,
				0E4F681A1D6306D900666BBB /* AppDelegate.swift */,
			);
			name = "Supporting Files";
			sourceTree = "<group>";
		};
		0E4F68561D6309A700666BBB /* Utils */ = {
			isa = PBXGroup;
			children = (
				0E4F68581D630EC000666BBB /* Constant.swift */,
			);
			name = Utils;
			sourceTree = "<group>";
		};
		0E4F68571D6309AC00666BBB /* Obj-c */ = {
			isa = PBXGroup;
			children = (
			);
			name = "Obj-c";
			sourceTree = "<group>";
		};
		BDB3525AF6A57DAB07216DCF /* Frameworks */ = {
			isa = PBXGroup;
			children = (
				EF9F361884F8E4EA7038905E /* Pods_Alyaoum24_IOS.framework */,
				60A8E67DF33D350E6108B420 /* Pods_Alyaoum24_IOSTests.framework */,
				5E915E5812D098271C772C38 /* Pods_Alyaoum24_IOSUITests.framework */,
			);
			name = Frameworks;
			sourceTree = "<group>";
		};
		D840343E3B0D855567D4693C /* Pods */ = {
			isa = PBXGroup;
			children = (
				AD480D8570F9893C24E91D4B /* Pods-Alyaoum24-IOS.debug.xcconfig */,
				F792D1C90B9CCA9F69C72A23 /* Pods-Alyaoum24-IOS.release.xcconfig */,
				816841229CEE6FBE24CEF724 /* Pods-Alyaoum24-IOSTests.debug.xcconfig */,
				03788CA72093474FF94E0BEF /* Pods-Alyaoum24-IOSTests.release.xcconfig */,
				0B701A2D62E8BEAAFB134C2D /* Pods-Alyaoum24-IOSUITests.debug.xcconfig */,
				54FB6DC1A1E651CB0ADD1E78 /* Pods-Alyaoum24-IOSUITests.release.xcconfig */,
			);
			name = Pods;
			sourceTree = "<group>";
		};
/* End PBXGroup section */

/* Begin PBXNativeTarget section */
		0E4F68161D6306D900666BBB /* Alyaoum24-IOS */ = {
			isa = PBXNativeTarget;
			buildConfigurationList = 0E4F683F1D6306D900666BBB /* Build configuration list for PBXNativeTarget "Alyaoum24-IOS" */;
			buildPhases = (
				F6F47D16B500AB34FD28DC01 /* [CP] Check Pods Manifest.lock */,
				0E4F68131D6306D900666BBB /* Sources */,
				0E4F68141D6306D900666BBB /* Frameworks */,
				0E4F68151D6306D900666BBB /* Resources */,
				71EE08DF977D12064262245D /* [CP] Embed Pods Frameworks */,
				F3CD8304F7A4C11FBA936E31 /* [CP] Copy Pods Resources */,
			);
			buildRules = (
			);
			dependencies = (
			);
			name = "Alyaoum24-IOS";
			productName = "Alyaoum24-IOS";
			productReference = 0E4F68171D6306D900666BBB /* Alyaoum24-IOS.app */;
			productType = "com.apple.product-type.application";
		};
		0E4F682A1D6306D900666BBB /* Alyaoum24-IOSTests */ = {
			isa = PBXNativeTarget;
			buildConfigurationList = 0E4F68421D6306D900666BBB /* Build configuration list for PBXNativeTarget "Alyaoum24-IOSTests" */;
			buildPhases = (
				D5D5DACE34E737A5135195D8 /* [CP] Check Pods Manifest.lock */,
				0E4F68271D6306D900666BBB /* Sources */,
				0E4F68281D6306D900666BBB /* Frameworks */,
				0E4F68291D6306D900666BBB /* Resources */,
				16B52D6B088AB4C0C96B6418 /* [CP] Embed Pods Frameworks */,
				61930A1A488175D6097162C5 /* [CP] Copy Pods Resources */,
			);
			buildRules = (
			);
			dependencies = (
				0E4F682D1D6306D900666BBB /* PBXTargetDependency */,
			);
			name = "Alyaoum24-IOSTests";
			productName = "Alyaoum24-IOSTests";
			productReference = 0E4F682B1D6306D900666BBB /* Alyaoum24-IOSTests.xctest */;
			productType = "com.apple.product-type.bundle.unit-test";
		};
		0E4F68351D6306D900666BBB /* Alyaoum24-IOSUITests */ = {
			isa = PBXNativeTarget;
			buildConfigurationList = 0E4F68451D6306D900666BBB /* Build configuration list for PBXNativeTarget "Alyaoum24-IOSUITests" */;
			buildPhases = (
				2A3782BB215BB305E0A6058F /* [CP] Check Pods Manifest.lock */,
				0E4F68321D6306D900666BBB /* Sources */,
				0E4F68331D6306D900666BBB /* Frameworks */,
				0E4F68341D6306D900666BBB /* Resources */,
				B8D1B303FD263F59323F0BB1 /* [CP] Copy Pods Resources */,
			);
			buildRules = (
			);
			dependencies = (
				0E4F68381D6306D900666BBB /* PBXTargetDependency */,
			);
			name = "Alyaoum24-IOSUITests";
			productName = "Alyaoum24-IOSUITests";
			productReference = 0E4F68361D6306D900666BBB /* Alyaoum24-IOSUITests.xctest */;
			productType = "com.apple.product-type.bundle.ui-testing";
		};
/* End PBXNativeTarget section */

/* Begin PBXProject section */
		0E4F680F1D6306D900666BBB /* Project object */ = {
			isa = PBXProject;
			attributes = {
				LastSwiftUpdateCheck = 0730;
				LastUpgradeCheck = 0730;
				ORGANIZATIONNAME = AKRAM;
				TargetAttributes = {
					0E4F68161D6306D900666BBB = {
						CreatedOnToolsVersion = 7.3.1;
					};
					0E4F682A1D6306D900666BBB = {
						CreatedOnToolsVersion = 7.3.1;
						TestTargetID = 0E4F68161D6306D900666BBB;
					};
					0E4F68351D6306D900666BBB = {
						CreatedOnToolsVersion = 7.3.1;
						TestTargetID = 0E4F68161D6306D900666BBB;
					};
				};
			};
			buildConfigurationList = 0E4F68121D6306D900666BBB /* Build configuration list for PBXProject "Alyaoum24-IOS" */;
			compatibilityVersion = "Xcode 3.2";
			developmentRegion = English;
			hasScannedForEncodings = 0;
			knownRegions = (
				en,
				Base,
			);
			mainGroup = 0E4F680E1D6306D900666BBB;
			productRefGroup = 0E4F68181D6306D900666BBB /* Products */;
			projectDirPath = "";
			projectRoot = "";
			targets = (
				0E4F68161D6306D900666BBB /* Alyaoum24-IOS */,
				0E4F682A1D6306D900666BBB /* Alyaoum24-IOSTests */,
				0E4F68351D6306D900666BBB /* Alyaoum24-IOSUITests */,
			);
		};
/* End PBXProject section */

/* Begin PBXResourcesBuildPhase section */
		0E4F68151D6306D900666BBB /* Resources */ = {
			isa = PBXResourcesBuildPhase;
			buildActionMask = 2147483647;
			files = (
				0E4F68251D6306D900666BBB /* LaunchScreen.storyboard in Resources */,
				0E4F68221D6306D900666BBB /* Assets.xcassets in Resources */,
				0E4F68201D6306D900666BBB /* Main.storyboard in Resources */,
			);
			runOnlyForDeploymentPostprocessing = 0;
		};
		0E4F68291D6306D900666BBB /* Resources */ = {
			isa = PBXResourcesBuildPhase;
			buildActionMask = 2147483647;
			files = (
			);
			runOnlyForDeploymentPostprocessing = 0;
		};
		0E4F68341D6306D900666BBB /* Resources */ = {
			isa = PBXResourcesBuildPhase;
			buildActionMask = 2147483647;
			files = (
			);
			runOnlyForDeploymentPostprocessing = 0;
		};
/* End PBXResourcesBuildPhase section */

/* Begin PBXShellScriptBuildPhase section */
		16B52D6B088AB4C0C96B6418 /* [CP] Embed Pods Frameworks */ = {
			isa = PBXShellScriptBuildPhase;
			buildActionMask = 2147483647;
			files = (
			);
			inputPaths = (
			);
			name = "[CP] Embed Pods Frameworks";
			outputPaths = (
			);
			runOnlyForDeploymentPostprocessing = 0;
			shellPath = /bin/sh;
			shellScript = "\"${SRCROOT}/Pods/Target Support Files/Pods-Alyaoum24-IOSTests/Pods-Alyaoum24-IOSTests-frameworks.sh\"\n";
			showEnvVarsInLog = 0;
		};
		2A3782BB215BB305E0A6058F /* [CP] Check Pods Manifest.lock */ = {
			isa = PBXShellScriptBuildPhase;
			buildActionMask = 2147483647;
			files = (
			);
			inputPaths = (
			);
			name = "[CP] Check Pods Manifest.lock";
			outputPaths = (
			);
			runOnlyForDeploymentPostprocessing = 0;
			shellPath = /bin/sh;
			shellScript = "diff \"${PODS_ROOT}/../Podfile.lock\" \"${PODS_ROOT}/Manifest.lock\" > /dev/null\nif [[ $? != 0 ]] ; then\n    cat << EOM\nerror: The sandbox is not in sync with the Podfile.lock. Run 'pod install' or update your CocoaPods installation.\nEOM\n    exit 1\nfi\n";
			showEnvVarsInLog = 0;
		};
		61930A1A488175D6097162C5 /* [CP] Copy Pods Resources */ = {
			isa = PBXShellScriptBuildPhase;
			buildActionMask = 2147483647;
			files = (
			);
			inputPaths = (
			);
			name = "[CP] Copy Pods Resources";
			outputPaths = (
			);
			runOnlyForDeploymentPostprocessing = 0;
			shellPath = /bin/sh;
			shellScript = "\"${SRCROOT}/Pods/Target Support Files/Pods-Alyaoum24-IOSTests/Pods-Alyaoum24-IOSTests-resources.sh\"\n";
			showEnvVarsInLog = 0;
		};
		71EE08DF977D12064262245D /* [CP] Embed Pods Frameworks */ = {
			isa = PBXShellScriptBuildPhase;
			buildActionMask = 2147483647;
			files = (
			);
			inputPaths = (
			);
			name = "[CP] Embed Pods Frameworks";
			outputPaths = (
			);
			runOnlyForDeploymentPostprocessing = 0;
			shellPath = /bin/sh;
			shellScript = "\"${SRCROOT}/Pods/Target Support Files/Pods-Alyaoum24-IOS/Pods-Alyaoum24-IOS-frameworks.sh\"\n";
			showEnvVarsInLog = 0;
		};
		B8D1B303FD263F59323F0BB1 /* [CP] Copy Pods Resources */ = {
			isa = PBXShellScriptBuildPhase;
			buildActionMask = 2147483647;
			files = (
			);
			inputPaths = (
			);
			name = "[CP] Copy Pods Resources";
			outputPaths = (
			);
			runOnlyForDeploymentPostprocessing = 0;
			shellPath = /bin/sh;
			shellScript = "\"${SRCROOT}/Pods/Target Support Files/Pods-Alyaoum24-IOSUITests/Pods-Alyaoum24-IOSUITests-resources.sh\"\n";
			showEnvVarsInLog = 0;
		};
		D5D5DACE34E737A5135195D8 /* [CP] Check Pods Manifest.lock */ = {
			isa = PBXShellScriptBuildPhase;
			buildActionMask = 2147483647;
			files = (
			);
			inputPaths = (
			);
			name = "[CP] Check Pods Manifest.lock";
			outputPaths = (
			);
			runOnlyForDeploymentPostprocessing = 0;
			shellPath = /bin/sh;
			shellScript = "diff \"${PODS_ROOT}/../Podfile.lock\" \"${PODS_ROOT}/Manifest.lock\" > /dev/null\nif [[ $? != 0 ]] ; then\n    cat << EOM\nerror: The sandbox is not in sync with the Podfile.lock. Run 'pod install' or update your CocoaPods installation.\nEOM\n    exit 1\nfi\n";
			showEnvVarsInLog = 0;
		};
		F3CD8304F7A4C11FBA936E31 /* [CP] Copy Pods Resources */ = {
			isa = PBXShellScriptBuildPhase;
			buildActionMask = 2147483647;
			files = (
			);
			inputPaths = (
			);
			name = "[CP] Copy Pods Resources";
			outputPaths = (
			);
			runOnlyForDeploymentPostprocessing = 0;
			shellPath = /bin/sh;
			shellScript = "\"${SRCROOT}/Pods/Target Support Files/Pods-Alyaoum24-IOS/Pods-Alyaoum24-IOS-resources.sh\"\n";
			showEnvVarsInLog = 0;
		};
		F6F47D16B500AB34FD28DC01 /* [CP] Check Pods Manifest.lock */ = {
			isa = PBXShellScriptBuildPhase;
			buildActionMask = 2147483647;
			files = (
			);
			inputPaths = (
			);
			name = "[CP] Check Pods Manifest.lock";
			outputPaths = (
			);
			runOnlyForDeploymentPostprocessing = 0;
			shellPath = /bin/sh;
			shellScript = "diff \"${PODS_ROOT}/../Podfile.lock\" \"${PODS_ROOT}/Manifest.lock\" > /dev/null\nif [[ $? != 0 ]] ; then\n    cat << EOM\nerror: The sandbox is not in sync with the Podfile.lock. Run 'pod install' or update your CocoaPods installation.\nEOM\n    exit 1\nfi\n";
			showEnvVarsInLog = 0;
		};
/* End PBXShellScriptBuildPhase section */

/* Begin PBXSourcesBuildPhase section */
		0E4F68131D6306D900666BBB /* Sources */ = {
			isa = PBXSourcesBuildPhase;
			buildActionMask = 2147483647;
			files = (
				0E4F685B1D63242400666BBB /* UIPressViewController.swift in Sources */,
				0E4F684A1D63094600666BBB /* RealmFavorites.swift in Sources */,
				0E4F68501D63096200666BBB /* RealmVideo.swift in Sources */,
				0E4F684E1D63095A00666BBB /* RealmSlider.swift in Sources */,
				0E4F685D1D63249D00666BBB /* UIPressCellViewController.swift in Sources */,
				0E4F68591D630EC000666BBB /* Constant.swift in Sources */,
				0E4F684C1D63095000666BBB /* RealmPost.swift in Sources */,
				0E4F68521D63096B00666BBB /* UniqueID.swift in Sources */,
				0E4F681D1D6306D900666BBB /* ViewController.swift in Sources */,
				0E4F681B1D6306D900666BBB /* AppDelegate.swift in Sources */,
				0EEBD9031D64B720001CD327 /* UIPressDetailController.swift in Sources */,
			);
			runOnlyForDeploymentPostprocessing = 0;
		};
		0E4F68271D6306D900666BBB /* Sources */ = {
			isa = PBXSourcesBuildPhase;
			buildActionMask = 2147483647;
			files = (
				0E4F68301D6306D900666BBB /* Alyaoum24_IOSTests.swift in Sources */,
			);
			runOnlyForDeploymentPostprocessing = 0;
		};
		0E4F68321D6306D900666BBB /* Sources */ = {
			isa = PBXSourcesBuildPhase;
			buildActionMask = 2147483647;
			files = (
				0E4F683B1D6306D900666BBB /* Alyaoum24_IOSUITests.swift in Sources */,
			);
			runOnlyForDeploymentPostprocessing = 0;
		};
/* End PBXSourcesBuildPhase section */

/* Begin PBXTargetDependency section */
		0E4F682D1D6306D900666BBB /* PBXTargetDependency */ = {
			isa = PBXTargetDependency;
			target = 0E4F68161D6306D900666BBB /* Alyaoum24-IOS */;
			targetProxy = 0E4F682C1D6306D900666BBB /* PBXContainerItemProxy */;
		};
		0E4F68381D6306D900666BBB /* PBXTargetDependency */ = {
			isa = PBXTargetDependency;
			target = 0E4F68161D6306D900666BBB /* Alyaoum24-IOS */;
			targetProxy = 0E4F68371D6306D900666BBB /* PBXContainerItemProxy */;
		};
/* End PBXTargetDependency section */

/* Begin PBXVariantGroup section */
		0E4F681E1D6306D900666BBB /* Main.storyboard */ = {
			isa = PBXVariantGroup;
			children = (
				0E4F681F1D6306D900666BBB /* Base */,
			);
			name = Main.storyboard;
			sourceTree = "<group>";
		};
		0E4F68231D6306D900666BBB /* LaunchScreen.storyboard */ = {
			isa = PBXVariantGroup;
			children = (
				0E4F68241D6306D900666BBB /* Base */,
			);
			name = LaunchScreen.storyboard;
			sourceTree = "<group>";
		};
/* End PBXVariantGroup section */

/* Begin XCBuildConfiguration section */
		0E4F683D1D6306D900666BBB /* Debug */ = {
			isa = XCBuildConfiguration;
			buildSettings = {
				ALWAYS_SEARCH_USER_PATHS = NO;
				CLANG_ANALYZER_NONNULL = YES;
				CLANG_CXX_LANGUAGE_STANDARD = "gnu++0x";
				CLANG_CXX_LIBRARY = "libc++";
				CLANG_ENABLE_MODULES = YES;
				CLANG_ENABLE_OBJC_ARC = YES;
				CLANG_WARN_BOOL_CONVERSION = YES;
				CLANG_WARN_CONSTANT_CONVERSION = YES;
				CLANG_WARN_DIRECT_OBJC_ISA_USAGE = YES_ERROR;
				CLANG_WARN_EMPTY_BODY = YES;
				CLANG_WARN_ENUM_CONVERSION = YES;
				CLANG_WARN_INT_CONVERSION = YES;
				CLANG_WARN_OBJC_ROOT_CLASS = YES_ERROR;
				CLANG_WARN_UNREACHABLE_CODE = YES;
				CLANG_WARN__DUPLICATE_METHOD_MATCH = YES;
				"CODE_SIGN_IDENTITY[sdk=iphoneos*]" = "iPhone Developer";
				COPY_PHASE_STRIP = NO;
				DEBUG_INFORMATION_FORMAT = dwarf;
				ENABLE_STRICT_OBJC_MSGSEND = YES;
				ENABLE_TESTABILITY = YES;
				GCC_C_LANGUAGE_STANDARD = gnu99;
				GCC_DYNAMIC_NO_PIC = NO;
				GCC_NO_COMMON_BLOCKS = YES;
				GCC_OPTIMIZATION_LEVEL = 0;
				GCC_PREPROCESSOR_DEFINITIONS = (
					"DEBUG=1",
					"$(inherited)",
				);
				GCC_WARN_64_TO_32_BIT_CONVERSION = YES;
				GCC_WARN_ABOUT_RETURN_TYPE = YES_ERROR;
				GCC_WARN_UNDECLARED_SELECTOR = YES;
				GCC_WARN_UNINITIALIZED_AUTOS = YES_AGGRESSIVE;
				GCC_WARN_UNUSED_FUNCTION = YES;
				GCC_WARN_UNUSED_VARIABLE = YES;
				IPHONEOS_DEPLOYMENT_TARGET = 9.3;
				MTL_ENABLE_DEBUG_INFO = YES;
				ONLY_ACTIVE_ARCH = YES;
				SDKROOT = iphoneos;
				SWIFT_OPTIMIZATION_LEVEL = "-Onone";
				TARGETED_DEVICE_FAMILY = "1,2";
			};
			name = Debug;
		};
		0E4F683E1D6306D900666BBB /* Release */ = {
			isa = XCBuildConfiguration;
			buildSettings = {
				ALWAYS_SEARCH_USER_PATHS = NO;
				CLANG_ANALYZER_NONNULL = YES;
				CLANG_CXX_LANGUAGE_STANDARD = "gnu++0x";
				CLANG_CXX_LIBRARY = "libc++";
				CLANG_ENABLE_MODULES = YES;
				CLANG_ENABLE_OBJC_ARC = YES;
				CLANG_WARN_BOOL_CONVERSION = YES;
				CLANG_WARN_CONSTANT_CONVERSION = YES;
				CLANG_WARN_DIRECT_OBJC_ISA_USAGE = YES_ERROR;
				CLANG_WARN_EMPTY_BODY = YES;
				CLANG_WARN_ENUM_CONVERSION = YES;
				CLANG_WARN_INT_CONVERSION = YES;
				CLANG_WARN_OBJC_ROOT_CLASS = YES_ERROR;
				CLANG_WARN_UNREACHABLE_CODE = YES;
				CLANG_WARN__DUPLICATE_METHOD_MATCH = YES;
				"CODE_SIGN_IDENTITY[sdk=iphoneos*]" = "iPhone Developer";
				COPY_PHASE_STRIP = NO;
				DEBUG_INFORMATION_FORMAT = "dwarf-with-dsym";
				ENABLE_NS_ASSERTIONS = NO;
				ENABLE_STRICT_OBJC_MSGSEND = YES;
				GCC_C_LANGUAGE_STANDARD = gnu99;
				GCC_NO_COMMON_BLOCKS = YES;
				GCC_WARN_64_TO_32_BIT_CONVERSION = YES;
				GCC_WARN_ABOUT_RETURN_TYPE = YES_ERROR;
				GCC_WARN_UNDECLARED_SELECTOR = YES;
				GCC_WARN_UNINITIALIZED_AUTOS = YES_AGGRESSIVE;
				GCC_WARN_UNUSED_FUNCTION = YES;
				GCC_WARN_UNUSED_VARIABLE = YES;
				IPHONEOS_DEPLOYMENT_TARGET = 9.3;
				MTL_ENABLE_DEBUG_INFO = NO;
				SDKROOT = iphoneos;
				TARGETED_DEVICE_FAMILY = "1,2";
				VALIDATE_PRODUCT = YES;
			};
			name = Release;
		};
		0E4F68401D6306D900666BBB /* Debug */ = {
			isa = XCBuildConfiguration;
			baseConfigurationReference = AD480D8570F9893C24E91D4B /* Pods-Alyaoum24-IOS.debug.xcconfig */;
			buildSettings = {
				ASSETCATALOG_COMPILER_APPICON_NAME = AppIcon;
				INFOPLIST_FILE = "Alyaoum24-IOS/Info.plist";
				LD_RUNPATH_SEARCH_PATHS = "$(inherited) @executable_path/Frameworks";
				PRODUCT_BUNDLE_IDENTIFIER = "com.Alyaoum24-IOS";
				PRODUCT_NAME = "$(TARGET_NAME)";
			};
			name = Debug;
		};
		0E4F68411D6306D900666BBB /* Release */ = {
			isa = XCBuildConfiguration;
			baseConfigurationReference = F792D1C90B9CCA9F69C72A23 /* Pods-Alyaoum24-IOS.release.xcconfig */;
			buildSettings = {
				ASSETCATALOG_COMPILER_APPICON_NAME = AppIcon;
				INFOPLIST_FILE = "Alyaoum24-IOS/Info.plist";
				LD_RUNPATH_SEARCH_PATHS = "$(inherited) @executable_path/Frameworks";
				PRODUCT_BUNDLE_IDENTIFIER = "com.Alyaoum24-IOS";
				PRODUCT_NAME = "$(TARGET_NAME)";
			};
			name = Release;
		};
		0E4F68431D6306D900666BBB /* Debug */ = {
			isa = XCBuildConfiguration;
			baseConfigurationReference = 816841229CEE6FBE24CEF724 /* Pods-Alyaoum24-IOSTests.debug.xcconfig */;
			buildSettings = {
				BUNDLE_LOADER = "$(TEST_HOST)";
				INFOPLIST_FILE = "Alyaoum24-IOSTests/Info.plist";
				LD_RUNPATH_SEARCH_PATHS = "$(inherited) @executable_path/Frameworks @loader_path/Frameworks";
				PRODUCT_BUNDLE_IDENTIFIER = "com.Alyaoum24-IOSTests";
				PRODUCT_NAME = "$(TARGET_NAME)";
				TEST_HOST = "$(BUILT_PRODUCTS_DIR)/Alyaoum24-IOS.app/Alyaoum24-IOS";
			};
			name = Debug;
		};
		0E4F68441D6306D900666BBB /* Release */ = {
			isa = XCBuildConfiguration;
			baseConfigurationReference = 03788CA72093474FF94E0BEF /* Pods-Alyaoum24-IOSTests.release.xcconfig */;
			buildSettings = {
				BUNDLE_LOADER = "$(TEST_HOST)";
				INFOPLIST_FILE = "Alyaoum24-IOSTests/Info.plist";
				LD_RUNPATH_SEARCH_PATHS = "$(inherited) @executable_path/Frameworks @loader_path/Frameworks";
				PRODUCT_BUNDLE_IDENTIFIER = "com.Alyaoum24-IOSTests";
				PRODUCT_NAME = "$(TARGET_NAME)";
				TEST_HOST = "$(BUILT_PRODUCTS_DIR)/Alyaoum24-IOS.app/Alyaoum24-IOS";
			};
			name = Release;
		};
		0E4F68461D6306D900666BBB /* Debug */ = {
			isa = XCBuildConfiguration;
			baseConfigurationReference = 0B701A2D62E8BEAAFB134C2D /* Pods-Alyaoum24-IOSUITests.debug.xcconfig */;
			buildSettings = {
				INFOPLIST_FILE = "Alyaoum24-IOSUITests/Info.plist";
				LD_RUNPATH_SEARCH_PATHS = "$(inherited) @executable_path/Frameworks @loader_path/Frameworks";
				PRODUCT_BUNDLE_IDENTIFIER = "com.Alyaoum24-IOSUITests";
				PRODUCT_NAME = "$(TARGET_NAME)";
				TEST_TARGET_NAME = "Alyaoum24-IOS";
			};
			name = Debug;
		};
		0E4F68471D6306D900666BBB /* Release */ = {
			isa = XCBuildConfiguration;
			baseConfigurationReference = 54FB6DC1A1E651CB0ADD1E78 /* Pods-Alyaoum24-IOSUITests.release.xcconfig */;
			buildSettings = {
				INFOPLIST_FILE = "Alyaoum24-IOSUITests/Info.plist";
				LD_RUNPATH_SEARCH_PATHS = "$(inherited) @executable_path/Frameworks @loader_path/Frameworks";
				PRODUCT_BUNDLE_IDENTIFIER = "com.Alyaoum24-IOSUITests";
				PRODUCT_NAME = "$(TARGET_NAME)";
				TEST_TARGET_NAME = "Alyaoum24-IOS";
			};
			name = Release;
		};
/* End XCBuildConfiguration section */

/* Begin XCConfigurationList section */
		0E4F68121D6306D900666BBB /* Build configuration list for PBXProject "Alyaoum24-IOS" */ = {
			isa = XCConfigurationList;
			buildConfigurations = (
				0E4F683D1D6306D900666BBB /* Debug */,
				0E4F683E1D6306D900666BBB /* Release */,
			);
			defaultConfigurationIsVisible = 0;
			defaultConfigurationName = Release;
		};
		0E4F683F1D6306D900666BBB /* Build configuration list for PBXNativeTarget "Alyaoum24-IOS" */ = {
			isa = XCConfigurationList;
			buildConfigurations = (
				0E4F68401D6306D900666BBB /* Debug */,
				0E4F68411D6306D900666BBB /* Release */,
			);
			defaultConfigurationIsVisible = 0;
			defaultConfigurationName = Release;
		};
		0E4F68421D6306D900666BBB /* Build configuration list for PBXNativeTarget "Alyaoum24-IOSTests" */ = {
			isa = XCConfigurationList;
			buildConfigurations = (
				0E4F68431D6306D900666BBB /* Debug */,
				0E4F68441D6306D900666BBB /* Release */,
			);
			defaultConfigurationIsVisible = 0;
			defaultConfigurationName = Release;
		};
		0E4F68451D6306D900666BBB /* Build configuration list for PBXNativeTarget "Alyaoum24-IOSUITests" */ = {
			isa = XCConfigurationList;
			buildConfigurations = (
				0E4F68461D6306D900666BBB /* Debug */,
				0E4F68471D6306D900666BBB /* Release */,
			);
			defaultConfigurationIsVisible = 0;
			defaultConfigurationName = Release;
		};
/* End XCConfigurationList section */
	};
	rootObject = 0E4F680F1D6306D900666BBB /* Project object */;
}
